
Microsoft Visual Studio Solution File, Format Version 12.00
# Visual Studio Version 16
VisualStudioVersion = 16.0.28729.10
MinimumVisualStudioVersion = 10.0.40219.1
Project("{FAE04EC0-301F-11D3-BF4B-00C04F79EFBC}") = "Program Kelola Data Mahasiswa", "Program Kelola Data Mahasiswa\Program Kelola Data Mahasiswa.csproj", "{58D69B26-CF24-4B39-A0CA-61909346D113}"
EndProject
Global
	GlobalSection(SolutionConfigurationPlatforms) = preSolution
		Debug|Any CPU = Debug|Any CPU
		Release|Any CPU = Release|Any CPU
	EndGlobalSection
	GlobalSection(ProjectConfigurationPlatforms) = postSolution
		{58D69B26-CF24-4B39-A0CA-61909346D113}.Debug|Any CPU.ActiveCfg = Debug|Any CPU
		{58D69B26-CF24-4B39-A0CA-61909346D113}.Debug|Any CPU.Build.0 = Debug|Any CPU
		{58D69B26-CF24-4B39-A0CA-61909346D113}.Release|Any CPU.ActiveCfg = Release|Any CPU
		{58D69B26-CF24-4B39-A0CA-61909346D113}.Release|Any CPU.Build.0 = Release|Any CPU
	EndGlobalSection
	GlobalSection(SolutionProperties) = preSolution
		HideSolutionNode = FALSE
	EndGlobalSection
	GlobalSection(ExtensibilityGlobals) = postSolution
		SolutionGuid = {FC08E29B-1015-4AF2-AB37-6AF4B71B1AD4}
	EndGlobalSection
EndGlobal
